
Microsoft Visual Studio Solution File, Format Version 12.00
# Visual Studio Version 17
VisualStudioVersion = 17.5.002.0
MinimumVisualStudioVersion = 10.0.40219.1
Project("{9A19103F-16F7-4668-BE54-9A1E7A4F7556}") = "HogwartsAPI", "HogwartsAPI.csproj", "{474D598F-B0BF-43D1-854F-23F7E88CECDB}"
EndProject
Global
	GlobalSection(SolutionConfigurationPlatforms) = preSolution
		Debug|Any CPU = Debug|Any CPU
		Release|Any CPU = Release|Any CPU
	EndGlobalSection
	GlobalSection(ProjectConfigurationPlatforms) = postSolution
		{474D598F-B0BF-43D1-854F-23F7E88CECDB}.Debug|Any CPU.ActiveCfg = Debug|Any CPU
		{474D598F-B0BF-43D1-854F-23F7E88CECDB}.Debug|Any CPU.Build.0 = Debug|Any CPU
		{474D598F-B0BF-43D1-854F-23F7E88CECDB}.Release|Any CPU.ActiveCfg = Release|Any CPU
		{474D598F-B0BF-43D1-854F-23F7E88CECDB}.Release|Any CPU.Build.0 = Release|Any CPU
	EndGlobalSection
	GlobalSection(SolutionProperties) = preSolution
		HideSolutionNode = FALSE
	EndGlobalSection
	GlobalSection(ExtensibilityGlobals) = postSolution
		SolutionGuid = {1B64B12D-76CC-4D2C-B1A3-6F36ECAF048B}
	EndGlobalSection
EndGlobal
